
Microsoft Visual Studio Solution File, Format Version 12.00
# Visual Studio Version 17
VisualStudioVersion = 17.9.34622.214
MinimumVisualStudioVersion = 10.0.40219.1
Project("{FAE04EC0-301F-11D3-BF4B-00C04F79EFBC}") = "MagicVilla_API", "MagicVilla_API\MagicVilla_API.csproj", "{CEED3681-6AF8-4E60-8287-14799E09C442}"
EndProject
Global
	GlobalSection(SolutionConfigurationPlatforms) = preSolution
		Debug|Any CPU = Debug|Any CPU
		Release|Any CPU = Release|Any CPU
	EndGlobalSection
	GlobalSection(ProjectConfigurationPlatforms) = postSolution
		{CEED3681-6AF8-4E60-8287-14799E09C442}.Debug|Any CPU.ActiveCfg = Debug|Any CPU
		{CEED3681-6AF8-4E60-8287-14799E09C442}.Debug|Any CPU.Build.0 = Debug|Any CPU
		{CEED3681-6AF8-4E60-8287-14799E09C442}.Release|Any CPU.ActiveCfg = Release|Any CPU
		{CEED3681-6AF8-4E60-8287-14799E09C442}.Release|Any CPU.Build.0 = Release|Any CPU
	EndGlobalSection
	GlobalSection(SolutionProperties) = preSolution
		HideSolutionNode = FALSE
	EndGlobalSection
	GlobalSection(ExtensibilityGlobals) = postSolution
		SolutionGuid = {AB01A5A6-ACF3-43B4-B9AB-E9839EC61932}
	EndGlobalSection
EndGlobal
